// !$*UTF8*$!
{
	archiveVersion = 1;
	classes = {
	};
	objectVersion = 55;
	objects = {

/* Begin PBXBuildFile section */
		6CEE1E6BA3134B612B66C6BB /* Pods_ClientApp.framework in Frameworks */ = {isa = PBXBuildFile; fileRef = 04C42414C35D577900F64B5A /* Pods_ClientApp.framework */; };
		8332D20327CA75D6002674BB /* ErrorViewController.swift in Sources */ = {isa = PBXBuildFile; fileRef = 8332D20227CA75D6002674BB /* ErrorViewController.swift */; };
		8332D20527CA7629002674BB /* SplashAssembly.swift in Sources */ = {isa = PBXBuildFile; fileRef = 8332D20427CA7629002674BB /* SplashAssembly.swift */; };
		8332D20727CA780C002674BB /* HomePageAssembly.swift in Sources */ = {isa = PBXBuildFile; fileRef = 8332D20627CA780C002674BB /* HomePageAssembly.swift */; };
		8332D20927CA78DA002674BB /* BasketAssembly.swift in Sources */ = {isa = PBXBuildFile; fileRef = 8332D20827CA78DA002674BB /* BasketAssembly.swift */; };
		8332D20B27CA7972002674BB /* AuthorizationAssembly.swift in Sources */ = {isa = PBXBuildFile; fileRef = 8332D20A27CA7972002674BB /* AuthorizationAssembly.swift */; };
		8332D20D27CA7A59002674BB /* ProfileAssembly.swift in Sources */ = {isa = PBXBuildFile; fileRef = 8332D20C27CA7A59002674BB /* ProfileAssembly.swift */; };
		8332D21127CA7B71002674BB /* Assets.xcassets in Resources */ = {isa = PBXBuildFile; fileRef = 8332D21027CA7B71002674BB /* Assets.xcassets */; };
		8332D21327CB54BE002674BB /* Assets.swift in Sources */ = {isa = PBXBuildFile; fileRef = 8332D21227CB54BE002674BB /* Assets.swift */; };
		838B7BA9284D0B43007854C9 /* UIColor+.swift in Sources */ = {isa = PBXBuildFile; fileRef = 838B7BA8284D0B43007854C9 /* UIColor+.swift */; };
		838B7BAB284D100F007854C9 /* UIView+.swift in Sources */ = {isa = PBXBuildFile; fileRef = 838B7BAA284D100F007854C9 /* UIView+.swift */; };
		838B7BAD284D160F007854C9 /* UIDATE.swift in Sources */ = {isa = PBXBuildFile; fileRef = 838B7BAC284D160F007854C9 /* UIDATE.swift */; };
		83A0541D282D72BA00336418 /* DIService.swift in Sources */ = {isa = PBXBuildFile; fileRef = 83A0541C282D72BA00336418 /* DIService.swift */; };
		83A0541F2830001E00336418 /* BranchAssembly.swift in Sources */ = {isa = PBXBuildFile; fileRef = 83A0541E2830001E00336418 /* BranchAssembly.swift */; };
		F2009EB9274002CF00E9A03C /* OrderCell.swift in Sources */ = {isa = PBXBuildFile; fileRef = F2009EB8274002CF00E9A03C /* OrderCell.swift */; };
		F2009EBB27400C3700E9A03C /* OrderButtonsView.swift in Sources */ = {isa = PBXBuildFile; fileRef = F2009EBA27400C3700E9A03C /* OrderButtonsView.swift */; };
		F2009EBD2740219D00E9A03C /* HistoryOrderViewController.swift in Sources */ = {isa = PBXBuildFile; fileRef = F2009EBC2740219D00E9A03C /* HistoryOrderViewController.swift */; };
		F2030FE227342FB100351C52 /* RegistrationAssembly.swift in Sources */ = {isa = PBXBuildFile; fileRef = F2030FE127342FB100351C52 /* RegistrationAssembly.swift */; };
		F2030FE42734378B00351C52 /* RetryAbility.swift in Sources */ = {isa = PBXBuildFile; fileRef = F2030FE32734378B00351C52 /* RetryAbility.swift */; };
		F2030FE627343AFF00351C52 /* ServiceAssembly.swift in Sources */ = {isa = PBXBuildFile; fileRef = F2030FE527343AFF00351C52 /* ServiceAssembly.swift */; };
		F2030FE82734428200351C52 /* JWT.swift in Sources */ = {isa = PBXBuildFile; fileRef = F2030FE72734428200351C52 /* JWT.swift */; };
		F2030FEA2734472900351C52 /* StorageService.swift in Sources */ = {isa = PBXBuildFile; fileRef = F2030FE92734472900351C52 /* StorageService.swift */; };
		F22861052753CA1C009CDCC6 /* OrderDTO.swift in Sources */ = {isa = PBXBuildFile; fileRef = F22861042753CA1C009CDCC6 /* OrderDTO.swift */; };
		F22861072753CEA5009CDCC6 /* FullDishDTO.swift in Sources */ = {isa = PBXBuildFile; fileRef = F22861062753CEA5009CDCC6 /* FullDishDTO.swift */; };
		F22861092753CFF1009CDCC6 /* CategoryDTO.swift in Sources */ = {isa = PBXBuildFile; fileRef = F22861082753CFF1009CDCC6 /* CategoryDTO.swift */; };
		F23FF19E2732D03200434A49 /* AppDelegate.swift in Sources */ = {isa = PBXBuildFile; fileRef = F23FF19D2732D03200434A49 /* AppDelegate.swift */; };
		F23FF1A02732D03200434A49 /* SceneDelegate.swift in Sources */ = {isa = PBXBuildFile; fileRef = F23FF19F2732D03200434A49 /* SceneDelegate.swift */; };
		F23FF1A22732D03200434A49 /* SplashViewController.swift in Sources */ = {isa = PBXBuildFile; fileRef = F23FF1A12732D03200434A49 /* SplashViewController.swift */; };
		F23FF1AA2732D03600434A49 /* LaunchScreen.storyboard in Resources */ = {isa = PBXBuildFile; fileRef = F23FF1A82732D03600434A49 /* LaunchScreen.storyboard */; };
		F23FF1B52732D03700434A49 /* ClientAppTests.swift in Sources */ = {isa = PBXBuildFile; fileRef = F23FF1B42732D03700434A49 /* ClientAppTests.swift */; };
		F23FF1BF2732D03700434A49 /* ClientAppUITests.swift in Sources */ = {isa = PBXBuildFile; fileRef = F23FF1BE2732D03700434A49 /* ClientAppUITests.swift */; };
		F23FF1C12732D03700434A49 /* ClientAppUITestsLaunchTests.swift in Sources */ = {isa = PBXBuildFile; fileRef = F23FF1C02732D03700434A49 /* ClientAppUITestsLaunchTests.swift */; };
		F23FF1CE2732D0DA00434A49 /* swiftgen.yml in Resources */ = {isa = PBXBuildFile; fileRef = F23FF1CD2732D0DA00434A49 /* swiftgen.yml */; };
		F23FF1D92732D50000434A49 /* BaseRegistrationViewController.swift in Sources */ = {isa = PBXBuildFile; fileRef = F23FF1D82732D50000434A49 /* BaseRegistrationViewController.swift */; };
		F23FF1DE2732D63A00434A49 /* RegistrationButton.swift in Sources */ = {isa = PBXBuildFile; fileRef = F23FF1DD2732D63A00434A49 /* RegistrationButton.swift */; };
		F23FF1E42732DECB00434A49 /* SplashViewModel.swift in Sources */ = {isa = PBXBuildFile; fileRef = F23FF1E32732DECB00434A49 /* SplashViewModel.swift */; };
		F23FF1E72732DEF100434A49 /* WebApiService.swift in Sources */ = {isa = PBXBuildFile; fileRef = F23FF1E62732DEF100434A49 /* WebApiService.swift */; };
		F23FF1E92732DEFA00434A49 /* AuthService.swift in Sources */ = {isa = PBXBuildFile; fileRef = F23FF1E82732DEFA00434A49 /* AuthService.swift */; };
		F23FF1F02732DFED00434A49 /* AuthViewController.swift in Sources */ = {isa = PBXBuildFile; fileRef = F23FF1EF2732DFED00434A49 /* AuthViewController.swift */; };
		F23FF1F22732DFF500434A49 /* AuthViewModel.swift in Sources */ = {isa = PBXBuildFile; fileRef = F23FF1F12732DFF500434A49 /* AuthViewModel.swift */; };
		F23FF1F52732E01A00434A49 /* PhoneRegistrationViewController.swift in Sources */ = {isa = PBXBuildFile; fileRef = F23FF1F42732E01A00434A49 /* PhoneRegistrationViewController.swift */; };
		F23FF1F72732E02400434A49 /* PhoneConfirmationViewController.swift in Sources */ = {isa = PBXBuildFile; fileRef = F23FF1F62732E02400434A49 /* PhoneConfirmationViewController.swift */; };
		F23FF1FA2732E05300434A49 /* BirthdayViewController.swift in Sources */ = {isa = PBXBuildFile; fileRef = F23FF1F92732E05300434A49 /* BirthdayViewController.swift */; };
		F23FF1FD2732E07400434A49 /* ConfirmationCodeViewController.swift in Sources */ = {isa = PBXBuildFile; fileRef = F23FF1FC2732E07400434A49 /* ConfirmationCodeViewController.swift */; };
		F23FF1FF2732E15100434A49 /* RegistrationTextField.swift in Sources */ = {isa = PBXBuildFile; fileRef = F23FF1FE2732E15100434A49 /* RegistrationTextField.swift */; };
		F23FF2022732E1B700434A49 /* UITextField+.swift in Sources */ = {isa = PBXBuildFile; fileRef = F23FF2012732E1B700434A49 /* UITextField+.swift */; };
		F23FF2042733A1E100434A49 /* RegistrationDTO.swift in Sources */ = {isa = PBXBuildFile; fileRef = F23FF2032733A1E100434A49 /* RegistrationDTO.swift */; };
		F23FF2082733A4A400434A49 /* CommonConstants.swift in Sources */ = {isa = PBXBuildFile; fileRef = F23FF2072733A4A400434A49 /* CommonConstants.swift */; };
		F23FF20A2733AA9600434A49 /* PhoneRegistrationViewModel.swift in Sources */ = {isa = PBXBuildFile; fileRef = F23FF2092733AA9600434A49 /* PhoneRegistrationViewModel.swift */; };
		F269AF67274D376E0081A835 /* BranchDTO.swift in Sources */ = {isa = PBXBuildFile; fileRef = F269AF66274D376E0081A835 /* BranchDTO.swift */; };
		F269AF6B274D3D6A0081A835 /* CategoryItemCell.swift in Sources */ = {isa = PBXBuildFile; fileRef = F269AF6A274D3D6A0081A835 /* CategoryItemCell.swift */; };
		F269AF6D274D3D740081A835 /* PopularItemCell.swift in Sources */ = {isa = PBXBuildFile; fileRef = F269AF6C274D3D740081A835 /* PopularItemCell.swift */; };
		F269AF6F274D3D800081A835 /* HeaderItemView.swift in Sources */ = {isa = PBXBuildFile; fileRef = F269AF6E274D3D800081A835 /* HeaderItemView.swift */; };
		F269AF71274D3E6E0081A835 /* BonusItemCell.swift in Sources */ = {isa = PBXBuildFile; fileRef = F269AF70274D3E6E0081A835 /* BonusItemCell.swift */; };
		F269AF73274D40440081A835 /* StepperView.swift in Sources */ = {isa = PBXBuildFile; fileRef = F269AF72274D40440081A835 /* StepperView.swift */; };
		F274A9882757AB780086B06E /* HistoryDTO.swift in Sources */ = {isa = PBXBuildFile; fileRef = F274A9872757AB780086B06E /* HistoryDTO.swift */; };
		F274A98A2757E1110086B06E /* UserProfileInfoDTO.swift in Sources */ = {isa = PBXBuildFile; fileRef = F274A9892757E1110086B06E /* UserProfileInfoDTO.swift */; };
		F274A98E275914C40086B06E /* RegistrationViewController.swift in Sources */ = {isa = PBXBuildFile; fileRef = F274A98D275914C30086B06E /* RegistrationViewController.swift */; };
		F274A990275918D50086B06E /* HistoryOrderViewModel.swift in Sources */ = {isa = PBXBuildFile; fileRef = F274A98F275918D50086B06E /* HistoryOrderViewModel.swift */; };
		F274A99227591AFB0086B06E /* BasketManager.swift in Sources */ = {isa = PBXBuildFile; fileRef = F274A99127591AFB0086B06E /* BasketManager.swift */; };
		F274A994275930610086B06E /* CategoryViewController.swift in Sources */ = {isa = PBXBuildFile; fileRef = F274A993275930610086B06E /* CategoryViewController.swift */; };
		F274A996275931380086B06E /* CategoryPageMenuController.swift in Sources */ = {isa = PBXBuildFile; fileRef = F274A995275931380086B06E /* CategoryPageMenuController.swift */; };
		F280936D273ADED2003D2D24 /* BranchCell.swift in Sources */ = {isa = PBXBuildFile; fileRef = F280936C273ADED2003D2D24 /* BranchCell.swift */; };
		F280936F273AE43F003D2D24 /* UICollectionCell+.swift in Sources */ = {isa = PBXBuildFile; fileRef = F280936E273AE43F003D2D24 /* UICollectionCell+.swift */; };
		F2809371273B910B003D2D24 /* ProfileOrderCell.swift in Sources */ = {isa = PBXBuildFile; fileRef = F2809370273B910B003D2D24 /* ProfileOrderCell.swift */; };
		F2809373273C1BCF003D2D24 /* ProfileEditViewController.swift in Sources */ = {isa = PBXBuildFile; fileRef = F2809372273C1BCF003D2D24 /* ProfileEditViewController.swift */; };
		F2C004E42759F801009C2DFA /* DetailsDishViewController.swift in Sources */ = {isa = PBXBuildFile; fileRef = F2C004E32759F801009C2DFA /* DetailsDishViewController.swift */; };
		F2E2EA042735B63100584A8B /* AuthorizationDTO.swift in Sources */ = {isa = PBXBuildFile; fileRef = F2E2EA032735B63100584A8B /* AuthorizationDTO.swift */; };
		F2E2EA062735C9AB00584A8B /* BirthdayDTO.swift in Sources */ = {isa = PBXBuildFile; fileRef = F2E2EA052735C9AB00584A8B /* BirthdayDTO.swift */; };
		F2E2EA0C27381F7E00584A8B /* MainViewController.swift in Sources */ = {isa = PBXBuildFile; fileRef = F2E2EA0B27381F7E00584A8B /* MainViewController.swift */; };
		F2E2EA0E27381F8F00584A8B /* MainViewModel.swift in Sources */ = {isa = PBXBuildFile; fileRef = F2E2EA0D27381F8F00584A8B /* MainViewModel.swift */; };
		F2E2EA1127381FD600584A8B /* BaseViewController.swift in Sources */ = {isa = PBXBuildFile; fileRef = F2E2EA1027381FD600584A8B /* BaseViewController.swift */; };
		F2E2EA132738221E00584A8B /* BaseTabViewController.swift in Sources */ = {isa = PBXBuildFile; fileRef = F2E2EA122738221E00584A8B /* BaseTabViewController.swift */; };
		F2E2EA172738242100584A8B /* BasketViewController.swift in Sources */ = {isa = PBXBuildFile; fileRef = F2E2EA162738242100584A8B /* BasketViewController.swift */; };
		F2E2EA192738242A00584A8B /* BasketViewModel.swift in Sources */ = {isa = PBXBuildFile; fileRef = F2E2EA182738242A00584A8B /* BasketViewModel.swift */; };
		F2E2EA1D2738245F00584A8B /* QRCodeViewController.swift in Sources */ = {isa = PBXBuildFile; fileRef = F2E2EA1C2738245F00584A8B /* QRCodeViewController.swift */; };
		F2E2EA1F2738246D00584A8B /* QRCodeViewModel.swift in Sources */ = {isa = PBXBuildFile; fileRef = F2E2EA1E2738246D00584A8B /* QRCodeViewModel.swift */; };
		F2E2EA232738248C00584A8B /* BranchViewController.swift in Sources */ = {isa = PBXBuildFile; fileRef = F2E2EA222738248C00584A8B /* BranchViewController.swift */; };
		F2E2EA252738249800584A8B /* BranchViewModel.swift in Sources */ = {isa = PBXBuildFile; fileRef = F2E2EA242738249800584A8B /* BranchViewModel.swift */; };
		F2E2EA29273824CA00584A8B /* ProfileViewController.swift in Sources */ = {isa = PBXBuildFile; fileRef = F2E2EA28273824CA00584A8B /* ProfileViewController.swift */; };
		F2E2EA2B273824D500584A8B /* ProfileViewModel.swift in Sources */ = {isa = PBXBuildFile; fileRef = F2E2EA2A273824D500584A8B /* ProfileViewModel.swift */; };
		F831F08229F507950078011D /* ProductCell.swift in Sources */ = {isa = PBXBuildFile; fileRef = F831F08129F507950078011D /* ProductCell.swift */; };
		F831F08429F57CB10078011D /* GoogleService-Info.plist in Resources */ = {isa = PBXBuildFile; fileRef = F831F08329F57CB10078011D /* GoogleService-Info.plist */; };
		F831F08629F57DA80078011D /* FirestoreManager.swift in Sources */ = {isa = PBXBuildFile; fileRef = F831F08529F57DA80078011D /* FirestoreManager.swift */; };
		F8D321F329F3C598004C648B /* EmptyView.swift in Sources */ = {isa = PBXBuildFile; fileRef = F8D321F229F3C598004C648B /* EmptyView.swift */; };
/* End PBXBuildFile section */

/* Begin PBXContainerItemProxy section */
		F23FF1B12732D03700434A49 /* PBXContainerItemProxy */ = {
			isa = PBXContainerItemProxy;
			containerPortal = F23FF1922732D03200434A49 /* Project object */;
			proxyType = 1;
			remoteGlobalIDString = F23FF1992732D03200434A49;
			remoteInfo = ClientApp;
		};
		F23FF1BB2732D03700434A49 /* PBXContainerItemProxy */ = {
			isa = PBXContainerItemProxy;
			containerPortal = F23FF1922732D03200434A49 /* Project object */;
			proxyType = 1;
			remoteGlobalIDString = F23FF1992732D03200434A49;
			remoteInfo = ClientApp;
		};
/* End PBXContainerItemProxy section */

/* Begin PBXFileReference section */
		04C42414C35D577900F64B5A /* Pods_ClientApp.framework */ = {isa = PBXFileReference; explicitFileType = wrapper.framework; includeInIndex = 0; path = Pods_ClientApp.framework; sourceTree = BUILT_PRODUCTS_DIR; };
		2B775B9BB5EDC7DF55E5BC5B /* Pods-ClientApp.release.xcconfig */ = {isa = PBXFileReference; includeInIndex = 1; lastKnownFileType = text.xcconfig; name = "Pods-ClientApp.release.xcconfig"; path = "Target Support Files/Pods-ClientApp/Pods-ClientApp.release.xcconfig"; sourceTree = "<group>"; };
		8332D20227CA75D6002674BB /* ErrorViewController.swift */ = {isa = PBXFileReference; lastKnownFileType = sourcecode.swift; path = ErrorViewController.swift; sourceTree = "<group>"; };
		8332D20427CA7629002674BB /* SplashAssembly.swift */ = {isa = PBXFileReference; lastKnownFileType = sourcecode.swift; path = SplashAssembly.swift; sourceTree = "<group>"; };
		8332D20627CA780C002674BB /* HomePageAssembly.swift */ = {isa = PBXFileReference; lastKnownFileType = sourcecode.swift; path = HomePageAssembly.swift; sourceTree = "<group>"; };
		8332D20827CA78DA002674BB /* BasketAssembly.swift */ = {isa = PBXFileReference; lastKnownFileType = sourcecode.swift; path = BasketAssembly.swift; sourceTree = "<group>"; };
		8332D20A27CA7972002674BB /* AuthorizationAssembly.swift */ = {isa = PBXFileReference; lastKnownFileType = sourcecode.swift; path = AuthorizationAssembly.swift; sourceTree = "<group>"; };
		8332D20C27CA7A59002674BB /* ProfileAssembly.swift */ = {isa = PBXFileReference; lastKnownFileType = sourcecode.swift; path = ProfileAssembly.swift; sourceTree = "<group>"; };
		8332D21027CA7B71002674BB /* Assets.xcassets */ = {isa = PBXFileReference; lastKnownFileType = folder.assetcatalog; path = Assets.xcassets; sourceTree = "<group>"; };
		8332D21227CB54BE002674BB /* Assets.swift */ = {isa = PBXFileReference; fileEncoding = 4; lastKnownFileType = sourcecode.swift; path = Assets.swift; sourceTree = "<group>"; };
		838B7BA8284D0B43007854C9 /* UIColor+.swift */ = {isa = PBXFileReference; lastKnownFileType = sourcecode.swift; path = "UIColor+.swift"; sourceTree = "<group>"; };
		838B7BAA284D100F007854C9 /* UIView+.swift */ = {isa = PBXFileReference; lastKnownFileType = sourcecode.swift; path = "UIView+.swift"; sourceTree = "<group>"; };
		838B7BAC284D160F007854C9 /* UIDATE.swift */ = {isa = PBXFileReference; lastKnownFileType = sourcecode.swift; path = UIDATE.swift; sourceTree = "<group>"; };
		83A0541C282D72BA00336418 /* DIService.swift */ = {isa = PBXFileReference; lastKnownFileType = sourcecode.swift; path = DIService.swift; sourceTree = "<group>"; };
		83A0541E2830001E00336418 /* BranchAssembly.swift */ = {isa = PBXFileReference; lastKnownFileType = sourcecode.swift; path = BranchAssembly.swift; sourceTree = "<group>"; };
		D64E48F877CEF7F834A9FDA0 /* Pods-ClientApp.debug.xcconfig */ = {isa = PBXFileReference; includeInIndex = 1; lastKnownFileType = text.xcconfig; name = "Pods-ClientApp.debug.xcconfig"; path = "Target Support Files/Pods-ClientApp/Pods-ClientApp.debug.xcconfig"; sourceTree = "<group>"; };
		F2009EB8274002CF00E9A03C /* OrderCell.swift */ = {isa = PBXFileReference; lastKnownFileType = sourcecode.swift; path = OrderCell.swift; sourceTree = "<group>"; };
		F2009EBA27400C3700E9A03C /* OrderButtonsView.swift */ = {isa = PBXFileReference; lastKnownFileType = sourcecode.swift; path = OrderButtonsView.swift; sourceTree = "<group>"; };
		F2009EBC2740219D00E9A03C /* HistoryOrderViewController.swift */ = {isa = PBXFileReference; lastKnownFileType = sourcecode.swift; path = HistoryOrderViewController.swift; sourceTree = "<group>"; };
		F2030FE127342FB100351C52 /* RegistrationAssembly.swift */ = {isa = PBXFileReference; lastKnownFileType = sourcecode.swift; path = RegistrationAssembly.swift; sourceTree = "<group>"; };
		F2030FE32734378B00351C52 /* RetryAbility.swift */ = {isa = PBXFileReference; lastKnownFileType = sourcecode.swift; path = RetryAbility.swift; sourceTree = "<group>"; };
		F2030FE527343AFF00351C52 /* ServiceAssembly.swift */ = {isa = PBXFileReference; lastKnownFileType = sourcecode.swift; path = ServiceAssembly.swift; sourceTree = "<group>"; };
		F2030FE72734428200351C52 /* JWT.swift */ = {isa = PBXFileReference; lastKnownFileType = sourcecode.swift; path = JWT.swift; sourceTree = "<group>"; };
		F2030FE92734472900351C52 /* StorageService.swift */ = {isa = PBXFileReference; lastKnownFileType = sourcecode.swift; path = StorageService.swift; sourceTree = "<group>"; };
		F22861042753CA1C009CDCC6 /* OrderDTO.swift */ = {isa = PBXFileReference; lastKnownFileType = sourcecode.swift; path = OrderDTO.swift; sourceTree = "<group>"; };
		F22861062753CEA5009CDCC6 /* FullDishDTO.swift */ = {isa = PBXFileReference; lastKnownFileType = sourcecode.swift; path = FullDishDTO.swift; sourceTree = "<group>"; };
		F22861082753CFF1009CDCC6 /* CategoryDTO.swift */ = {isa = PBXFileReference; lastKnownFileType = sourcecode.swift; path = CategoryDTO.swift; sourceTree = "<group>"; };
		F23FF19A2732D03200434A49 /* ClientApp.app */ = {isa = PBXFileReference; explicitFileType = wrapper.application; includeInIndex = 0; path = ClientApp.app; sourceTree = BUILT_PRODUCTS_DIR; };
		F23FF19D2732D03200434A49 /* AppDelegate.swift */ = {isa = PBXFileReference; lastKnownFileType = sourcecode.swift; path = AppDelegate.swift; sourceTree = "<group>"; };
		F23FF19F2732D03200434A49 /* SceneDelegate.swift */ = {isa = PBXFileReference; lastKnownFileType = sourcecode.swift; path = SceneDelegate.swift; sourceTree = "<group>"; };
		F23FF1A12732D03200434A49 /* SplashViewController.swift */ = {isa = PBXFileReference; lastKnownFileType = sourcecode.swift; path = SplashViewController.swift; sourceTree = "<group>"; };
		F23FF1A92732D03600434A49 /* Base */ = {isa = PBXFileReference; lastKnownFileType = file.storyboard; name = Base; path = Base.lproj/LaunchScreen.storyboard; sourceTree = "<group>"; };
		F23FF1AB2732D03600434A49 /* Info.plist */ = {isa = PBXFileReference; lastKnownFileType = text.plist.xml; path = Info.plist; sourceTree = "<group>"; };
		F23FF1B02732D03700434A49 /* ClientAppTests.xctest */ = {isa = PBXFileReference; explicitFileType = wrapper.cfbundle; includeInIndex = 0; path = ClientAppTests.xctest; sourceTree = BUILT_PRODUCTS_DIR; };
		F23FF1B42732D03700434A49 /* ClientAppTests.swift */ = {isa = PBXFileReference; lastKnownFileType = sourcecode.swift; path = ClientAppTests.swift; sourceTree = "<group>"; };
		F23FF1BA2732D03700434A49 /* ClientAppUITests.xctest */ = {isa = PBXFileReference; explicitFileType = wrapper.cfbundle; includeInIndex = 0; path = ClientAppUITests.xctest; sourceTree = BUILT_PRODUCTS_DIR; };
		F23FF1BE2732D03700434A49 /* ClientAppUITests.swift */ = {isa = PBXFileReference; lastKnownFileType = sourcecode.swift; path = ClientAppUITests.swift; sourceTree = "<group>"; };
		F23FF1C02732D03700434A49 /* ClientAppUITestsLaunchTests.swift */ = {isa = PBXFileReference; lastKnownFileType = sourcecode.swift; path = ClientAppUITestsLaunchTests.swift; sourceTree = "<group>"; };
		F23FF1CD2732D0DA00434A49 /* swiftgen.yml */ = {isa = PBXFileReference; lastKnownFileType = text.yaml; path = swiftgen.yml; sourceTree = "<group>"; };
		F23FF1D82732D50000434A49 /* BaseRegistrationViewController.swift */ = {isa = PBXFileReference; lastKnownFileType = sourcecode.swift; path = BaseRegistrationViewController.swift; sourceTree = "<group>"; };
		F23FF1DD2732D63A00434A49 /* RegistrationButton.swift */ = {isa = PBXFileReference; lastKnownFileType = sourcecode.swift; path = RegistrationButton.swift; sourceTree = "<group>"; };
		F23FF1E32732DECB00434A49 /* SplashViewModel.swift */ = {isa = PBXFileReference; lastKnownFileType = sourcecode.swift; path = SplashViewModel.swift; sourceTree = "<group>"; };
		F23FF1E62732DEF100434A49 /* WebApiService.swift */ = {isa = PBXFileReference; lastKnownFileType = sourcecode.swift; path = WebApiService.swift; sourceTree = "<group>"; };
		F23FF1E82732DEFA00434A49 /* AuthService.swift */ = {isa = PBXFileReference; lastKnownFileType = sourcecode.swift; path = AuthService.swift; sourceTree = "<group>"; };
		F23FF1EF2732DFED00434A49 /* AuthViewController.swift */ = {isa = PBXFileReference; lastKnownFileType = sourcecode.swift; path = AuthViewController.swift; sourceTree = "<group>"; };
		F23FF1F12732DFF500434A49 /* AuthViewModel.swift */ = {isa = PBXFileReference; lastKnownFileType = sourcecode.swift; path = AuthViewModel.swift; sourceTree = "<group>"; };
		F23FF1F42732E01A00434A49 /* PhoneRegistrationViewController.swift */ = {isa = PBXFileReference; lastKnownFileType = sourcecode.swift; path = PhoneRegistrationViewController.swift; sourceTree = "<group>"; };
		F23FF1F62732E02400434A49 /* PhoneConfirmationViewController.swift */ = {isa = PBXFileReference; lastKnownFileType = sourcecode.swift; path = PhoneConfirmationViewController.swift; sourceTree = "<group>"; };
		F23FF1F92732E05300434A49 /* BirthdayViewController.swift */ = {isa = PBXFileReference; lastKnownFileType = sourcecode.swift; path = BirthdayViewController.swift; sourceTree = "<group>"; };
		F23FF1FC2732E07400434A49 /* ConfirmationCodeViewController.swift */ = {isa = PBXFileReference; lastKnownFileType = sourcecode.swift; path = ConfirmationCodeViewController.swift; sourceTree = "<group>"; };
		F23FF1FE2732E15100434A49 /* RegistrationTextField.swift */ = {isa = PBXFileReference; lastKnownFileType = sourcecode.swift; path = RegistrationTextField.swift; sourceTree = "<group>"; };
		F23FF2012732E1B700434A49 /* UITextField+.swift */ = {isa = PBXFileReference; lastKnownFileType = sourcecode.swift; path = "UITextField+.swift"; sourceTree = "<group>"; };
		F23FF2032733A1E100434A49 /* RegistrationDTO.swift */ = {isa = PBXFileReference; lastKnownFileType = sourcecode.swift; path = RegistrationDTO.swift; sourceTree = "<group>"; };
		F23FF2072733A4A400434A49 /* CommonConstants.swift */ = {isa = PBXFileReference; lastKnownFileType = sourcecode.swift; path = CommonConstants.swift; sourceTree = "<group>"; };
		F23FF2092733AA9600434A49 /* PhoneRegistrationViewModel.swift */ = {isa = PBXFileReference; lastKnownFileType = sourcecode.swift; path = PhoneRegistrationViewModel.swift; sourceTree = "<group>"; };
		F269AF66274D376E0081A835 /* BranchDTO.swift */ = {isa = PBXFileReference; lastKnownFileType = sourcecode.swift; path = BranchDTO.swift; sourceTree = "<group>"; };
		F269AF6A274D3D6A0081A835 /* CategoryItemCell.swift */ = {isa = PBXFileReference; lastKnownFileType = sourcecode.swift; path = CategoryItemCell.swift; sourceTree = "<group>"; };
		F269AF6C274D3D740081A835 /* PopularItemCell.swift */ = {isa = PBXFileReference; lastKnownFileType = sourcecode.swift; path = PopularItemCell.swift; sourceTree = "<group>"; };
		F269AF6E274D3D800081A835 /* HeaderItemView.swift */ = {isa = PBXFileReference; lastKnownFileType = sourcecode.swift; path = HeaderItemView.swift; sourceTree = "<group>"; };
		F269AF70274D3E6E0081A835 /* BonusItemCell.swift */ = {isa = PBXFileReference; lastKnownFileType = sourcecode.swift; path = BonusItemCell.swift; sourceTree = "<group>"; };
		F269AF72274D40440081A835 /* StepperView.swift */ = {isa = PBXFileReference; lastKnownFileType = sourcecode.swift; path = StepperView.swift; sourceTree = "<group>"; };
		F274A9872757AB780086B06E /* HistoryDTO.swift */ = {isa = PBXFileReference; lastKnownFileType = sourcecode.swift; path = HistoryDTO.swift; sourceTree = "<group>"; };
		F274A9892757E1110086B06E /* UserProfileInfoDTO.swift */ = {isa = PBXFileReference; lastKnownFileType = sourcecode.swift; path = UserProfileInfoDTO.swift; sourceTree = "<group>"; };
		F274A98D275914C30086B06E /* RegistrationViewController.swift */ = {isa = PBXFileReference; lastKnownFileType = sourcecode.swift; path = RegistrationViewController.swift; sourceTree = "<group>"; };
		F274A98F275918D50086B06E /* HistoryOrderViewModel.swift */ = {isa = PBXFileReference; lastKnownFileType = sourcecode.swift; path = HistoryOrderViewModel.swift; sourceTree = "<group>"; };
		F274A99127591AFB0086B06E /* BasketManager.swift */ = {isa = PBXFileReference; lastKnownFileType = sourcecode.swift; path = BasketManager.swift; sourceTree = "<group>"; };
		F274A993275930610086B06E /* CategoryViewController.swift */ = {isa = PBXFileReference; lastKnownFileType = sourcecode.swift; path = CategoryViewController.swift; sourceTree = "<group>"; };
		F274A995275931380086B06E /* CategoryPageMenuController.swift */ = {isa = PBXFileReference; lastKnownFileType = sourcecode.swift; path = CategoryPageMenuController.swift; sourceTree = "<group>"; };
		F280936C273ADED2003D2D24 /* BranchCell.swift */ = {isa = PBXFileReference; lastKnownFileType = sourcecode.swift; path = BranchCell.swift; sourceTree = "<group>"; };
		F280936E273AE43F003D2D24 /* UICollectionCell+.swift */ = {isa = PBXFileReference; lastKnownFileType = sourcecode.swift; path = "UICollectionCell+.swift"; sourceTree = "<group>"; };
		F2809370273B910B003D2D24 /* ProfileOrderCell.swift */ = {isa = PBXFileReference; lastKnownFileType = sourcecode.swift; path = ProfileOrderCell.swift; sourceTree = "<group>"; };
		F2809372273C1BCF003D2D24 /* ProfileEditViewController.swift */ = {isa = PBXFileReference; lastKnownFileType = sourcecode.swift; path = ProfileEditViewController.swift; sourceTree = "<group>"; };
		F2C004E32759F801009C2DFA /* DetailsDishViewController.swift */ = {isa = PBXFileReference; lastKnownFileType = sourcecode.swift; path = DetailsDishViewController.swift; sourceTree = "<group>"; };
		F2E2EA032735B63100584A8B /* AuthorizationDTO.swift */ = {isa = PBXFileReference; lastKnownFileType = sourcecode.swift; path = AuthorizationDTO.swift; sourceTree = "<group>"; };
		F2E2EA052735C9AB00584A8B /* BirthdayDTO.swift */ = {isa = PBXFileReference; lastKnownFileType = sourcecode.swift; path = BirthdayDTO.swift; sourceTree = "<group>"; };
		F2E2EA0B27381F7E00584A8B /* MainViewController.swift */ = {isa = PBXFileReference; lastKnownFileType = sourcecode.swift; path = MainViewController.swift; sourceTree = "<group>"; };
		F2E2EA0D27381F8F00584A8B /* MainViewModel.swift */ = {isa = PBXFileReference; lastKnownFileType = sourcecode.swift; path = MainViewModel.swift; sourceTree = "<group>"; };
		F2E2EA1027381FD600584A8B /* BaseViewController.swift */ = {isa = PBXFileReference; lastKnownFileType = sourcecode.swift; path = BaseViewController.swift; sourceTree = "<group>"; };
		F2E2EA122738221E00584A8B /* BaseTabViewController.swift */ = {isa = PBXFileReference; lastKnownFileType = sourcecode.swift; path = BaseTabViewController.swift; sourceTree = "<group>"; };
		F2E2EA162738242100584A8B /* BasketViewController.swift */ = {isa = PBXFileReference; lastKnownFileType = sourcecode.swift; path = BasketViewController.swift; sourceTree = "<group>"; };
		F2E2EA182738242A00584A8B /* BasketViewModel.swift */ = {isa = PBXFileReference; lastKnownFileType = sourcecode.swift; path = BasketViewModel.swift; sourceTree = "<group>"; };
		F2E2EA1C2738245F00584A8B /* QRCodeViewController.swift */ = {isa = PBXFileReference; lastKnownFileType = sourcecode.swift; path = QRCodeViewController.swift; sourceTree = "<group>"; };
		F2E2EA1E2738246D00584A8B /* QRCodeViewModel.swift */ = {isa = PBXFileReference; lastKnownFileType = sourcecode.swift; path = QRCodeViewModel.swift; sourceTree = "<group>"; };
		F2E2EA222738248C00584A8B /* BranchViewController.swift */ = {isa = PBXFileReference; lastKnownFileType = sourcecode.swift; path = BranchViewController.swift; sourceTree = "<group>"; };
		F2E2EA242738249800584A8B /* BranchViewModel.swift */ = {isa = PBXFileReference; lastKnownFileType = sourcecode.swift; path = BranchViewModel.swift; sourceTree = "<group>"; };
		F2E2EA28273824CA00584A8B /* ProfileViewController.swift */ = {isa = PBXFileReference; lastKnownFileType = sourcecode.swift; path = ProfileViewController.swift; sourceTree = "<group>"; };
		F2E2EA2A273824D500584A8B /* ProfileViewModel.swift */ = {isa = PBXFileReference; lastKnownFileType = sourcecode.swift; path = ProfileViewModel.swift; sourceTree = "<group>"; };
		F831F08129F507950078011D /* ProductCell.swift */ = {isa = PBXFileReference; lastKnownFileType = sourcecode.swift; path = ProductCell.swift; sourceTree = "<group>"; };
		F831F08329F57CB10078011D /* GoogleService-Info.plist */ = {isa = PBXFileReference; fileEncoding = 4; lastKnownFileType = text.plist.xml; path = "GoogleService-Info.plist"; sourceTree = "<group>"; };
		F831F08529F57DA80078011D /* FirestoreManager.swift */ = {isa = PBXFileReference; lastKnownFileType = sourcecode.swift; path = FirestoreManager.swift; sourceTree = "<group>"; };
		F8D321F229F3C598004C648B /* EmptyView.swift */ = {isa = PBXFileReference; lastKnownFileType = sourcecode.swift; path = EmptyView.swift; sourceTree = "<group>"; };
/* End PBXFileReference section */

/* Begin PBXFrameworksBuildPhase section */
		F23FF1972732D03200434A49 /* Frameworks */ = {
			isa = PBXFrameworksBuildPhase;
			buildActionMask = 2147483647;
			files = (
				6CEE1E6BA3134B612B66C6BB /* Pods_ClientApp.framework in Frameworks */,
			);
			runOnlyForDeploymentPostprocessing = 0;
		};
		F23FF1AD2732D03700434A49 /* Frameworks */ = {
			isa = PBXFrameworksBuildPhase;
			buildActionMask = 2147483647;
			files = (
			);
			runOnlyForDeploymentPostprocessing = 0;
		};
		F23FF1B72732D03700434A49 /* Frameworks */ = {
			isa = PBXFrameworksBuildPhase;
			buildActionMask = 2147483647;
			files = (
			);
			runOnlyForDeploymentPostprocessing = 0;
		};
/* End PBXFrameworksBuildPhase section */

/* Begin PBXGroup section */
		33286C5C48B88D63ACA8C22D /* Pods */ = {
			isa = PBXGroup;
			children = (
				D64E48F877CEF7F834A9FDA0 /* Pods-ClientApp.debug.xcconfig */,
				2B775B9BB5EDC7DF55E5BC5B /* Pods-ClientApp.release.xcconfig */,
			);
			path = Pods;
			sourceTree = "<group>";
		};
		8FDD76D8891813614582D414 /* Frameworks */ = {
			isa = PBXGroup;
			children = (
				04C42414C35D577900F64B5A /* Pods_ClientApp.framework */,
			);
			name = Frameworks;
			sourceTree = "<group>";
		};
		F2009EB7274002B700E9A03C /* Components */ = {
			isa = PBXGroup;
			children = (
				F2009EB8274002CF00E9A03C /* OrderCell.swift */,
				8332D20227CA75D6002674BB /* ErrorViewController.swift */,
			);
			path = Components;
			sourceTree = "<group>";
		};
		F2030FE027342F9800351C52 /* DI */ = {
			isa = PBXGroup;
			children = (
				F2030FE527343AFF00351C52 /* ServiceAssembly.swift */,
				F2030FE127342FB100351C52 /* RegistrationAssembly.swift */,
				8332D20A27CA7972002674BB /* AuthorizationAssembly.swift */,
				8332D20427CA7629002674BB /* SplashAssembly.swift */,
				8332D20627CA780C002674BB /* HomePageAssembly.swift */,
				8332D20827CA78DA002674BB /* BasketAssembly.swift */,
				8332D20C27CA7A59002674BB /* ProfileAssembly.swift */,
				83A0541E2830001E00336418 /* BranchAssembly.swift */,
			);
			path = DI;
			sourceTree = "<group>";
		};
		F23FF1912732D03200434A49 = {
			isa = PBXGroup;
			children = (
				F23FF1CD2732D0DA00434A49 /* swiftgen.yml */,
				F23FF19C2732D03200434A49 /* ClientApp */,
				F23FF1B32732D03700434A49 /* ClientAppTests */,
				F23FF1BD2732D03700434A49 /* ClientAppUITests */,
				F23FF19B2732D03200434A49 /* Products */,
				33286C5C48B88D63ACA8C22D /* Pods */,
				8FDD76D8891813614582D414 /* Frameworks */,
			);
			sourceTree = "<group>";
		};
		F23FF19B2732D03200434A49 /* Products */ = {
			isa = PBXGroup;
			children = (
				F23FF19A2732D03200434A49 /* ClientApp.app */,
				F23FF1B02732D03700434A49 /* ClientAppTests.xctest */,
				F23FF1BA2732D03700434A49 /* ClientAppUITests.xctest */,
			);
			name = Products;
			sourceTree = "<group>";
		};
		F23FF19C2732D03200434A49 /* ClientApp */ = {
			isa = PBXGroup;
			children = (
				F23FF1D02732D23C00434A49 /* Application */,
				F23FF1D12732D33100434A49 /* Model */,
				F23FF1CF2732D0FB00434A49 /* Resources */,
				F2030FE027342F9800351C52 /* DI */,
				F23FF1D22732D34400434A49 /* Workflow */,
				F23FF2002732E1A500434A49 /* Extension */,
				F831F08329F57CB10078011D /* GoogleService-Info.plist */,
				F23FF1AB2732D03600434A49 /* Info.plist */,
			);
			path = ClientApp;
			sourceTree = "<group>";
		};
		F23FF1B32732D03700434A49 /* ClientAppTests */ = {
			isa = PBXGroup;
			children = (
				F23FF1B42732D03700434A49 /* ClientAppTests.swift */,
			);
			path = ClientAppTests;
			sourceTree = "<group>";
		};
		F23FF1BD2732D03700434A49 /* ClientAppUITests */ = {
			isa = PBXGroup;
			children = (
				F23FF1BE2732D03700434A49 /* ClientAppUITests.swift */,
				F23FF1C02732D03700434A49 /* ClientAppUITestsLaunchTests.swift */,
			);
			path = ClientAppUITests;
			sourceTree = "<group>";
		};
		F23FF1CF2732D0FB00434A49 /* Resources */ = {
			isa = PBXGroup;
			children = (
				8332D21227CB54BE002674BB /* Assets.swift */,
				8332D21027CA7B71002674BB /* Assets.xcassets */,
				F23FF1A82732D03600434A49 /* LaunchScreen.storyboard */,
			);
			path = Resources;
			sourceTree = "<group>";
		};
		F23FF1D02732D23C00434A49 /* Application */ = {
			isa = PBXGroup;
			children = (
				F23FF19F2732D03200434A49 /* SceneDelegate.swift */,
				F23FF19D2732D03200434A49 /* AppDelegate.swift */,
			);
			path = Application;
			sourceTree = "<group>";
		};
		F23FF1D12732D33100434A49 /* Model */ = {
			isa = PBXGroup;
			children = (
				F23FF1EA2732DF0800434A49 /* DTOs */,
				F23FF1E52732DEDC00434A49 /* Services */,
				F23FF2072733A4A400434A49 /* CommonConstants.swift */,
			);
			path = Model;
			sourceTree = "<group>";
		};
		F23FF1D22732D34400434A49 /* Workflow */ = {
			isa = PBXGroup;
			children = (
				F2009EB7274002B700E9A03C /* Components */,
				F23FF1D32732D35500434A49 /* Registrtion and Authorization */,
				F23FF1D42732D35F00434A49 /* Authorized Workflow */,
			);
			path = Workflow;
			sourceTree = "<group>";
		};
		F23FF1D32732D35500434A49 /* Registrtion and Authorization */ = {
			isa = PBXGroup;
			children = (
				F23FF1D82732D50000434A49 /* BaseRegistrationViewController.swift */,
				F274A98D275914C30086B06E /* RegistrationViewController.swift */,
				F23FF1D72732D3DB00434A49 /* Splash */,
				F23FF1D62732D3D400434A49 /* Authorization */,
				F23FF1D52732D37900434A49 /* Registration */,
				F23FF1DC2732D62000434A49 /* Components */,
			);
			path = "Registrtion and Authorization";
			sourceTree = "<group>";
		};
		F23FF1D42732D35F00434A49 /* Authorized Workflow */ = {
			isa = PBXGroup;
			children = (
				F2E2EA0F27381FC100584A8B /* Base Controllers */,
				F2E2EA0927381F4900584A8B /* Main Page */,
				F2E2EA15273823E000584A8B /* Basket Workflow */,
				F2E2EA1B2738244000584A8B /* QRCode Workflow */,
				F2E2EA212738247900584A8B /* Branch Workflow */,
				F2E2EA27273824B000584A8B /* Profile Workflow */,
			);
			path = "Authorized Workflow";
			sourceTree = "<group>";
		};
		F23FF1D52732D37900434A49 /* Registration */ = {
			isa = PBXGroup;
			children = (
				F23FF2092733AA9600434A49 /* PhoneRegistrationViewModel.swift */,
				F23FF1F42732E01A00434A49 /* PhoneRegistrationViewController.swift */,
				F23FF1F82732E02800434A49 /* Components */,
			);
			path = Registration;
			sourceTree = "<group>";
		};
		F23FF1D62732D3D400434A49 /* Authorization */ = {
			isa = PBXGroup;
			children = (
				F23FF1EF2732DFED00434A49 /* AuthViewController.swift */,
				F23FF1F12732DFF500434A49 /* AuthViewModel.swift */,
				F23FF1FB2732E06000434A49 /* Components */,
			);
			path = Authorization;
			sourceTree = "<group>";
		};
		F23FF1D72732D3DB00434A49 /* Splash */ = {
			isa = PBXGroup;
			children = (
				F23FF1A12732D03200434A49 /* SplashViewController.swift */,
				F23FF1E32732DECB00434A49 /* SplashViewModel.swift */,
			);
			path = Splash;
			sourceTree = "<group>";
		};
		F23FF1DC2732D62000434A49 /* Components */ = {
			isa = PBXGroup;
			children = (
				F23FF1DD2732D63A00434A49 /* RegistrationButton.swift */,
				F23FF1FE2732E15100434A49 /* RegistrationTextField.swift */,
			);
			path = Components;
			sourceTree = "<group>";
		};
		F23FF1E52732DEDC00434A49 /* Services */ = {
			isa = PBXGroup;
			children = (
				F23FF1E62732DEF100434A49 /* WebApiService.swift */,
				F23FF1E82732DEFA00434A49 /* AuthService.swift */,
				F2030FE92734472900351C52 /* StorageService.swift */,
				83A0541C282D72BA00336418 /* DIService.swift */,
				F831F08529F57DA80078011D /* FirestoreManager.swift */,
			);
			path = Services;
			sourceTree = "<group>";
		};
		F23FF1EA2732DF0800434A49 /* DTOs */ = {
			isa = PBXGroup;
			children = (
				F23FF2032733A1E100434A49 /* RegistrationDTO.swift */,
				F2E2EA032735B63100584A8B /* AuthorizationDTO.swift */,
				F2E2EA052735C9AB00584A8B /* BirthdayDTO.swift */,
				F2030FE72734428200351C52 /* JWT.swift */,
				F269AF66274D376E0081A835 /* BranchDTO.swift */,
				F22861042753CA1C009CDCC6 /* OrderDTO.swift */,
				F22861062753CEA5009CDCC6 /* FullDishDTO.swift */,
				F22861082753CFF1009CDCC6 /* CategoryDTO.swift */,
				F274A9872757AB780086B06E /* HistoryDTO.swift */,
				F274A9892757E1110086B06E /* UserProfileInfoDTO.swift */,
			);
			path = DTOs;
			sourceTree = "<group>";
		};
		F23FF1F82732E02800434A49 /* Components */ = {
			isa = PBXGroup;
			children = (
				F23FF1F62732E02400434A49 /* PhoneConfirmationViewController.swift */,
				F23FF1F92732E05300434A49 /* BirthdayViewController.swift */,
			);
			path = Components;
			sourceTree = "<group>";
		};
		F23FF1FB2732E06000434A49 /* Components */ = {
			isa = PBXGroup;
			children = (
				F23FF1FC2732E07400434A49 /* ConfirmationCodeViewController.swift */,
			);
			path = Components;
			sourceTree = "<group>";
		};
		F23FF2002732E1A500434A49 /* Extension */ = {
			isa = PBXGroup;
			children = (
				F23FF2012732E1B700434A49 /* UITextField+.swift */,
				F2030FE32734378B00351C52 /* RetryAbility.swift */,
				F280936E273AE43F003D2D24 /* UICollectionCell+.swift */,
				838B7BA8284D0B43007854C9 /* UIColor+.swift */,
				838B7BAA284D100F007854C9 /* UIView+.swift */,
				838B7BAC284D160F007854C9 /* UIDATE.swift */,
			);
			path = Extension;
			sourceTree = "<group>";
		};
		F2E2EA0927381F4900584A8B /* Main Page */ = {
			isa = PBXGroup;
			children = (
				F2E2EA0B27381F7E00584A8B /* MainViewController.swift */,
				F2E2EA0D27381F8F00584A8B /* MainViewModel.swift */,
				F2E2EA0A27381F6600584A8B /* Components */,
			);
			path = "Main Page";
			sourceTree = "<group>";
		};
		F2E2EA0A27381F6600584A8B /* Components */ = {
			isa = PBXGroup;
			children = (
				F831F08029F507810078011D /* Cells */,
				F274A995275931380086B06E /* CategoryPageMenuController.swift */,
				F274A993275930610086B06E /* CategoryViewController.swift */,
				F269AF6E274D3D800081A835 /* HeaderItemView.swift */,
				F269AF72274D40440081A835 /* StepperView.swift */,
				F2C004E32759F801009C2DFA /* DetailsDishViewController.swift */,
			);
			path = Components;
			sourceTree = "<group>";
		};
		F2E2EA0F27381FC100584A8B /* Base Controllers */ = {
			isa = PBXGroup;
			children = (
				F2E2EA122738221E00584A8B /* BaseTabViewController.swift */,
				F2E2EA1027381FD600584A8B /* BaseViewController.swift */,
			);
			path = "Base Controllers";
			sourceTree = "<group>";
		};
		F2E2EA15273823E000584A8B /* Basket Workflow */ = {
			isa = PBXGroup;
			children = (
				F274A99127591AFB0086B06E /* BasketManager.swift */,
				F2E2EA162738242100584A8B /* BasketViewController.swift */,
				F2E2EA182738242A00584A8B /* BasketViewModel.swift */,
				F2E2EA1A2738242E00584A8B /* Components */,
			);
			path = "Basket Workflow";
			sourceTree = "<group>";
		};
		F2E2EA1A2738242E00584A8B /* Components */ = {
			isa = PBXGroup;
			children = (
				F2009EBA27400C3700E9A03C /* OrderButtonsView.swift */,
				F2009EBC2740219D00E9A03C /* HistoryOrderViewController.swift */,
				F274A98F275918D50086B06E /* HistoryOrderViewModel.swift */,
				F8D321F229F3C598004C648B /* EmptyView.swift */,
			);
			path = Components;
			sourceTree = "<group>";
		};
		F2E2EA1B2738244000584A8B /* QRCode Workflow */ = {
			isa = PBXGroup;
			children = (
				F2E2EA1C2738245F00584A8B /* QRCodeViewController.swift */,
				F2E2EA1E2738246D00584A8B /* QRCodeViewModel.swift */,
			);
			path = "QRCode Workflow";
			sourceTree = "<group>";
		};
		F2E2EA212738247900584A8B /* Branch Workflow */ = {
			isa = PBXGroup;
			children = (
				F2E2EA222738248C00584A8B /* BranchViewController.swift */,
				F2E2EA242738249800584A8B /* BranchViewModel.swift */,
				F2E2EA262738249B00584A8B /* Components */,
			);
			path = "Branch Workflow";
			sourceTree = "<group>";
		};
		F2E2EA262738249B00584A8B /* Components */ = {
			isa = PBXGroup;
			children = (
				F280936C273ADED2003D2D24 /* BranchCell.swift */,
			);
			path = Components;
			sourceTree = "<group>";
		};
		F2E2EA27273824B000584A8B /* Profile Workflow */ = {
			isa = PBXGroup;
			children = (
				F2E2EA28273824CA00584A8B /* ProfileViewController.swift */,
				F2E2EA2A273824D500584A8B /* ProfileViewModel.swift */,
				F2E2EA2C273824D800584A8B /* Components */,
			);
			path = "Profile Workflow";
			sourceTree = "<group>";
		};
		F2E2EA2C273824D800584A8B /* Components */ = {
			isa = PBXGroup;
			children = (
				F2809370273B910B003D2D24 /* ProfileOrderCell.swift */,
				F2809372273C1BCF003D2D24 /* ProfileEditViewController.swift */,
				F269AF70274D3E6E0081A835 /* BonusItemCell.swift */,
			);
			path = Components;
			sourceTree = "<group>";
		};
		F831F08029F507810078011D /* Cells */ = {
			isa = PBXGroup;
			children = (
				F269AF6C274D3D740081A835 /* PopularItemCell.swift */,
				F269AF6A274D3D6A0081A835 /* CategoryItemCell.swift */,
				F831F08129F507950078011D /* ProductCell.swift */,
			);
			path = Cells;
			sourceTree = "<group>";
		};
/* End PBXGroup section */

/* Begin PBXNativeTarget section */
		F23FF1992732D03200434A49 /* ClientApp */ = {
			isa = PBXNativeTarget;
			buildConfigurationList = F23FF1C42732D03700434A49 /* Build configuration list for PBXNativeTarget "ClientApp" */;
			buildPhases = (
				5FDBAFAA7915FF3208E168F9 /* [CP] Check Pods Manifest.lock */,
				F23FF1962732D03200434A49 /* Sources */,
				F23FF1972732D03200434A49 /* Frameworks */,
				F23FF1982732D03200434A49 /* Resources */,
				78B6B553EC69EB2052F00821 /* [CP] Embed Pods Frameworks */,
			);
			buildRules = (
			);
			dependencies = (
			);
			name = ClientApp;
			productName = ClientApp;
			productReference = F23FF19A2732D03200434A49 /* ClientApp.app */;
			productType = "com.apple.product-type.application";
		};
		F23FF1AF2732D03700434A49 /* ClientAppTests */ = {
			isa = PBXNativeTarget;
			buildConfigurationList = F23FF1C72732D03700434A49 /* Build configuration list for PBXNativeTarget "ClientAppTests" */;
			buildPhases = (
				F23FF1AC2732D03700434A49 /* Sources */,
				F23FF1AD2732D03700434A49 /* Frameworks */,
				F23FF1AE2732D03700434A49 /* Resources */,
			);
			buildRules = (
			);
			dependencies = (
				F23FF1B22732D03700434A49 /* PBXTargetDependency */,
			);
			name = ClientAppTests;
			productName = ClientAppTests;
			productReference = F23FF1B02732D03700434A49 /* ClientAppTests.xctest */;
			productType = "com.apple.product-type.bundle.unit-test";
		};
		F23FF1B92732D03700434A49 /* ClientAppUITests */ = {
			isa = PBXNativeTarget;
			buildConfigurationList = F23FF1CA2732D03700434A49 /* Build configuration list for PBXNativeTarget "ClientAppUITests" */;
			buildPhases = (
				F23FF1B62732D03700434A49 /* Sources */,
				F23FF1B72732D03700434A49 /* Frameworks */,
				F23FF1B82732D03700434A49 /* Resources */,
			);
			buildRules = (
			);
			dependencies = (
				F23FF1BC2732D03700434A49 /* PBXTargetDependency */,
			);
			name = ClientAppUITests;
			productName = ClientAppUITests;
			productReference = F23FF1BA2732D03700434A49 /* ClientAppUITests.xctest */;
			productType = "com.apple.product-type.bundle.ui-testing";
		};
/* End PBXNativeTarget section */

/* Begin PBXProject section */
		F23FF1922732D03200434A49 /* Project object */ = {
			isa = PBXProject;
			attributes = {
				BuildIndependentTargetsInParallel = 1;
				LastSwiftUpdateCheck = 1300;
				LastUpgradeCheck = 1300;
				TargetAttributes = {
					F23FF1992732D03200434A49 = {
						CreatedOnToolsVersion = 13.0;
					};
					F23FF1AF2732D03700434A49 = {
						CreatedOnToolsVersion = 13.0;
						TestTargetID = F23FF1992732D03200434A49;
					};
					F23FF1B92732D03700434A49 = {
						CreatedOnToolsVersion = 13.0;
						TestTargetID = F23FF1992732D03200434A49;
					};
				};
			};
			buildConfigurationList = F23FF1952732D03200434A49 /* Build configuration list for PBXProject "ClientApp" */;
			compatibilityVersion = "Xcode 13.0";
			developmentRegion = en;
			hasScannedForEncodings = 0;
			knownRegions = (
				en,
				Base,
			);
			mainGroup = F23FF1912732D03200434A49;
			productRefGroup = F23FF19B2732D03200434A49 /* Products */;
			projectDirPath = "";
			projectRoot = "";
			targets = (
				F23FF1992732D03200434A49 /* ClientApp */,
				F23FF1AF2732D03700434A49 /* ClientAppTests */,
				F23FF1B92732D03700434A49 /* ClientAppUITests */,
			);
		};
/* End PBXProject section */

/* Begin PBXResourcesBuildPhase section */
		F23FF1982732D03200434A49 /* Resources */ = {
			isa = PBXResourcesBuildPhase;
			buildActionMask = 2147483647;
			files = (
				F831F08429F57CB10078011D /* GoogleService-Info.plist in Resources */,
				8332D21127CA7B71002674BB /* Assets.xcassets in Resources */,
				F23FF1AA2732D03600434A49 /* LaunchScreen.storyboard in Resources */,
				F23FF1CE2732D0DA00434A49 /* swiftgen.yml in Resources */,
			);
			runOnlyForDeploymentPostprocessing = 0;
		};
		F23FF1AE2732D03700434A49 /* Resources */ = {
			isa = PBXResourcesBuildPhase;
			buildActionMask = 2147483647;
			files = (
			);
			runOnlyForDeploymentPostprocessing = 0;
		};
		F23FF1B82732D03700434A49 /* Resources */ = {
			isa = PBXResourcesBuildPhase;
			buildActionMask = 2147483647;
			files = (
			);
			runOnlyForDeploymentPostprocessing = 0;
		};
/* End PBXResourcesBuildPhase section */

/* Begin PBXShellScriptBuildPhase section */
		5FDBAFAA7915FF3208E168F9 /* [CP] Check Pods Manifest.lock */ = {
			isa = PBXShellScriptBuildPhase;
			buildActionMask = 2147483647;
			files = (
			);
			inputFileListPaths = (
			);
			inputPaths = (
				"${PODS_PODFILE_DIR_PATH}/Podfile.lock",
				"${PODS_ROOT}/Manifest.lock",
			);
			name = "[CP] Check Pods Manifest.lock";
			outputFileListPaths = (
			);
			outputPaths = (
				"$(DERIVED_FILE_DIR)/Pods-ClientApp-checkManifestLockResult.txt",
			);
			runOnlyForDeploymentPostprocessing = 0;
			shellPath = /bin/sh;
			shellScript = "diff \"${PODS_PODFILE_DIR_PATH}/Podfile.lock\" \"${PODS_ROOT}/Manifest.lock\" > /dev/null\nif [ $? != 0 ] ; then\n    # print error to STDERR\n    echo \"error: The sandbox is not in sync with the Podfile.lock. Run 'pod install' or update your CocoaPods installation.\" >&2\n    exit 1\nfi\n# This output is used by Xcode 'outputs' to avoid re-running this script phase.\necho \"SUCCESS\" > \"${SCRIPT_OUTPUT_FILE_0}\"\n";
			showEnvVarsInLog = 0;
		};
		78B6B553EC69EB2052F00821 /* [CP] Embed Pods Frameworks */ = {
			isa = PBXShellScriptBuildPhase;
			buildActionMask = 2147483647;
			files = (
			);
			inputFileListPaths = (
				"${PODS_ROOT}/Target Support Files/Pods-ClientApp/Pods-ClientApp-frameworks-${CONFIGURATION}-input-files.xcfilelist",
			);
			name = "[CP] Embed Pods Frameworks";
			outputFileListPaths = (
				"${PODS_ROOT}/Target Support Files/Pods-ClientApp/Pods-ClientApp-frameworks-${CONFIGURATION}-output-files.xcfilelist",
			);
			runOnlyForDeploymentPostprocessing = 0;
			shellPath = /bin/sh;
			shellScript = "\"${PODS_ROOT}/Target Support Files/Pods-ClientApp/Pods-ClientApp-frameworks.sh\"\n";
			showEnvVarsInLog = 0;
		};
/* End PBXShellScriptBuildPhase section */

/* Begin PBXSourcesBuildPhase section */
		F23FF1962732D03200434A49 /* Sources */ = {
			isa = PBXSourcesBuildPhase;
			buildActionMask = 2147483647;
			files = (
				F2E2EA172738242100584A8B /* BasketViewController.swift in Sources */,
				F23FF1D92732D50000434A49 /* BaseRegistrationViewController.swift in Sources */,
				F23FF1A22732D03200434A49 /* SplashViewController.swift in Sources */,
				F280936F273AE43F003D2D24 /* UICollectionCell+.swift in Sources */,
				F274A9882757AB780086B06E /* HistoryDTO.swift in Sources */,
				F23FF19E2732D03200434A49 /* AppDelegate.swift in Sources */,
				F269AF6D274D3D740081A835 /* PopularItemCell.swift in Sources */,
				F2E2EA1D2738245F00584A8B /* QRCodeViewController.swift in Sources */,
				F280936D273ADED2003D2D24 /* BranchCell.swift in Sources */,
				F269AF6F274D3D800081A835 /* HeaderItemView.swift in Sources */,
				83A0541D282D72BA00336418 /* DIService.swift in Sources */,
				F23FF1F72732E02400434A49 /* PhoneConfirmationViewController.swift in Sources */,
				F23FF1F02732DFED00434A49 /* AuthViewController.swift in Sources */,
				F2030FE227342FB100351C52 /* RegistrationAssembly.swift in Sources */,
				F2030FEA2734472900351C52 /* StorageService.swift in Sources */,
				8332D20D27CA7A59002674BB /* ProfileAssembly.swift in Sources */,
				F274A994275930610086B06E /* CategoryViewController.swift in Sources */,
				F2E2EA0C27381F7E00584A8B /* MainViewController.swift in Sources */,
				F23FF2082733A4A400434A49 /* CommonConstants.swift in Sources */,
				8332D20727CA780C002674BB /* HomePageAssembly.swift in Sources */,
				F23FF20A2733AA9600434A49 /* PhoneRegistrationViewModel.swift in Sources */,
				F22861092753CFF1009CDCC6 /* CategoryDTO.swift in Sources */,
				8332D20527CA7629002674BB /* SplashAssembly.swift in Sources */,
				F8D321F329F3C598004C648B /* EmptyView.swift in Sources */,
				838B7BAB284D100F007854C9 /* UIView+.swift in Sources */,
				F269AF67274D376E0081A835 /* BranchDTO.swift in Sources */,
				838B7BAD284D160F007854C9 /* UIDATE.swift in Sources */,
				F2030FE627343AFF00351C52 /* ServiceAssembly.swift in Sources */,
				F2E2EA192738242A00584A8B /* BasketViewModel.swift in Sources */,
				F2E2EA1127381FD600584A8B /* BaseViewController.swift in Sources */,
				F269AF73274D40440081A835 /* StepperView.swift in Sources */,
				F2E2EA1F2738246D00584A8B /* QRCodeViewModel.swift in Sources */,
				F274A990275918D50086B06E /* HistoryOrderViewModel.swift in Sources */,
				F23FF1F52732E01A00434A49 /* PhoneRegistrationViewController.swift in Sources */,
				F22861052753CA1C009CDCC6 /* OrderDTO.swift in Sources */,
				F274A996275931380086B06E /* CategoryPageMenuController.swift in Sources */,
				F23FF1E72732DEF100434A49 /* WebApiService.swift in Sources */,
				F274A98A2757E1110086B06E /* UserProfileInfoDTO.swift in Sources */,
				F23FF1DE2732D63A00434A49 /* RegistrationButton.swift in Sources */,
				83A0541F2830001E00336418 /* BranchAssembly.swift in Sources */,
				F2009EB9274002CF00E9A03C /* OrderCell.swift in Sources */,
				F23FF2022732E1B700434A49 /* UITextField+.swift in Sources */,
				F2E2EA29273824CA00584A8B /* ProfileViewController.swift in Sources */,
				F831F08629F57DA80078011D /* FirestoreManager.swift in Sources */,
				F2E2EA2B273824D500584A8B /* ProfileViewModel.swift in Sources */,
				F269AF71274D3E6E0081A835 /* BonusItemCell.swift in Sources */,
				F22861072753CEA5009CDCC6 /* FullDishDTO.swift in Sources */,
				F23FF1FD2732E07400434A49 /* ConfirmationCodeViewController.swift in Sources */,
				F269AF6B274D3D6A0081A835 /* CategoryItemCell.swift in Sources */,
				F23FF1E92732DEFA00434A49 /* AuthService.swift in Sources */,
				8332D21327CB54BE002674BB /* Assets.swift in Sources */,
				F23FF1A02732D03200434A49 /* SceneDelegate.swift in Sources */,
				F2809371273B910B003D2D24 /* ProfileOrderCell.swift in Sources */,
				F23FF1FF2732E15100434A49 /* RegistrationTextField.swift in Sources */,
				F831F08229F507950078011D /* ProductCell.swift in Sources */,
				F23FF1FA2732E05300434A49 /* BirthdayViewController.swift in Sources */,
				F2C004E42759F801009C2DFA /* DetailsDishViewController.swift in Sources */,
				F2809373273C1BCF003D2D24 /* ProfileEditViewController.swift in Sources */,
				8332D20927CA78DA002674BB /* BasketAssembly.swift in Sources */,
				F2030FE82734428200351C52 /* JWT.swift in Sources */,
				F2E2EA252738249800584A8B /* BranchViewModel.swift in Sources */,
				F2030FE42734378B00351C52 /* RetryAbility.swift in Sources */,
				8332D20327CA75D6002674BB /* ErrorViewController.swift in Sources */,
				838B7BA9284D0B43007854C9 /* UIColor+.swift in Sources */,
				F2009EBB27400C3700E9A03C /* OrderButtonsView.swift in Sources */,
				F2E2EA232738248C00584A8B /* BranchViewController.swift in Sources */,
				F23FF1F22732DFF500434A49 /* AuthViewModel.swift in Sources */,
				F2E2EA132738221E00584A8B /* BaseTabViewController.swift in Sources */,
				F2009EBD2740219D00E9A03C /* HistoryOrderViewController.swift in Sources */,
				F274A98E275914C40086B06E /* RegistrationViewController.swift in Sources */,
				F23FF2042733A1E100434A49 /* RegistrationDTO.swift in Sources */,
				F23FF1E42732DECB00434A49 /* SplashViewModel.swift in Sources */,
				F2E2EA062735C9AB00584A8B /* BirthdayDTO.swift in Sources */,
				8332D20B27CA7972002674BB /* AuthorizationAssembly.swift in Sources */,
				F2E2EA042735B63100584A8B /* AuthorizationDTO.swift in Sources */,
				F2E2EA0E27381F8F00584A8B /* MainViewModel.swift in Sources */,
				F274A99227591AFB0086B06E /* BasketManager.swift in Sources */,
			);
			runOnlyForDeploymentPostprocessing = 0;
		};
		F23FF1AC2732D03700434A49 /* Sources */ = {
			isa = PBXSourcesBuildPhase;
			buildActionMask = 2147483647;
			files = (
				F23FF1B52732D03700434A49 /* ClientAppTests.swift in Sources */,
			);
			runOnlyForDeploymentPostprocessing = 0;
		};
		F23FF1B62732D03700434A49 /* Sources */ = {
			isa = PBXSourcesBuildPhase;
			buildActionMask = 2147483647;
			files = (
				F23FF1BF2732D03700434A49 /* ClientAppUITests.swift in Sources */,
				F23FF1C12732D03700434A49 /* ClientAppUITestsLaunchTests.swift in Sources */,
			);
			runOnlyForDeploymentPostprocessing = 0;
		};
/* End PBXSourcesBuildPhase section */

/* Begin PBXTargetDependency section */
		F23FF1B22732D03700434A49 /* PBXTargetDependency */ = {
			isa = PBXTargetDependency;
			target = F23FF1992732D03200434A49 /* ClientApp */;
			targetProxy = F23FF1B12732D03700434A49 /* PBXContainerItemProxy */;
		};
		F23FF1BC2732D03700434A49 /* PBXTargetDependency */ = {
			isa = PBXTargetDependency;
			target = F23FF1992732D03200434A49 /* ClientApp */;
			targetProxy = F23FF1BB2732D03700434A49 /* PBXContainerItemProxy */;
		};
/* End PBXTargetDependency section */

/* Begin PBXVariantGroup section */
		F23FF1A82732D03600434A49 /* LaunchScreen.storyboard */ = {
			isa = PBXVariantGroup;
			children = (
				F23FF1A92732D03600434A49 /* Base */,
			);
			name = LaunchScreen.storyboard;
			sourceTree = "<group>";
		};
/* End PBXVariantGroup section */

/* Begin XCBuildConfiguration section */
		F23FF1C22732D03700434A49 /* Debug */ = {
			isa = XCBuildConfiguration;
			buildSettings = {
				ALWAYS_SEARCH_USER_PATHS = NO;
				CLANG_ANALYZER_NONNULL = YES;
				CLANG_ANALYZER_NUMBER_OBJECT_CONVERSION = YES_AGGRESSIVE;
				CLANG_CXX_LANGUAGE_STANDARD = "gnu++17";
				CLANG_CXX_LIBRARY = "libc++";
				CLANG_ENABLE_MODULES = YES;
				CLANG_ENABLE_OBJC_ARC = YES;
				CLANG_ENABLE_OBJC_WEAK = YES;
				CLANG_WARN_BLOCK_CAPTURE_AUTORELEASING = YES;
				CLANG_WARN_BOOL_CONVERSION = YES;
				CLANG_WARN_COMMA = YES;
				CLANG_WARN_CONSTANT_CONVERSION = YES;
				CLANG_WARN_DEPRECATED_OBJC_IMPLEMENTATIONS = YES;
				CLANG_WARN_DIRECT_OBJC_ISA_USAGE = YES_ERROR;
				CLANG_WARN_DOCUMENTATION_COMMENTS = YES;
				CLANG_WARN_EMPTY_BODY = YES;
				CLANG_WARN_ENUM_CONVERSION = YES;
				CLANG_WARN_INFINITE_RECURSION = YES;
				CLANG_WARN_INT_CONVERSION = YES;
				CLANG_WARN_NON_LITERAL_NULL_CONVERSION = YES;
				CLANG_WARN_OBJC_IMPLICIT_RETAIN_SELF = YES;
				CLANG_WARN_OBJC_LITERAL_CONVERSION = YES;
				CLANG_WARN_OBJC_ROOT_CLASS = YES_ERROR;
				CLANG_WARN_QUOTED_INCLUDE_IN_FRAMEWORK_HEADER = YES;
				CLANG_WARN_RANGE_LOOP_ANALYSIS = YES;
				CLANG_WARN_STRICT_PROTOTYPES = YES;
				CLANG_WARN_SUSPICIOUS_MOVE = YES;
				CLANG_WARN_UNGUARDED_AVAILABILITY = YES_AGGRESSIVE;
				CLANG_WARN_UNREACHABLE_CODE = YES;
				CLANG_WARN__DUPLICATE_METHOD_MATCH = YES;
				COPY_PHASE_STRIP = NO;
				DEBUG_INFORMATION_FORMAT = dwarf;
				ENABLE_STRICT_OBJC_MSGSEND = YES;
				ENABLE_TESTABILITY = YES;
				GCC_C_LANGUAGE_STANDARD = gnu11;
				GCC_DYNAMIC_NO_PIC = NO;
				GCC_NO_COMMON_BLOCKS = YES;
				GCC_OPTIMIZATION_LEVEL = 0;
				GCC_PREPROCESSOR_DEFINITIONS = (
					"DEBUG=1",
					"$(inherited)",
				);
				GCC_WARN_64_TO_32_BIT_CONVERSION = YES;
				GCC_WARN_ABOUT_RETURN_TYPE = YES_ERROR;
				GCC_WARN_UNDECLARED_SELECTOR = YES;
				GCC_WARN_UNINITIALIZED_AUTOS = YES_AGGRESSIVE;
				GCC_WARN_UNUSED_FUNCTION = YES;
				GCC_WARN_UNUSED_VARIABLE = YES;
				IPHONEOS_DEPLOYMENT_TARGET = 15.0;
				MTL_ENABLE_DEBUG_INFO = INCLUDE_SOURCE;
				MTL_FAST_MATH = YES;
				ONLY_ACTIVE_ARCH = YES;
				SDKROOT = iphoneos;
				SWIFT_ACTIVE_COMPILATION_CONDITIONS = DEBUG;
				SWIFT_OPTIMIZATION_LEVEL = "-Onone";
			};
			name = Debug;
		};
		F23FF1C32732D03700434A49 /* Release */ = {
			isa = XCBuildConfiguration;
			buildSettings = {
				ALWAYS_SEARCH_USER_PATHS = NO;
				CLANG_ANALYZER_NONNULL = YES;
				CLANG_ANALYZER_NUMBER_OBJECT_CONVERSION = YES_AGGRESSIVE;
				CLANG_CXX_LANGUAGE_STANDARD = "gnu++17";
				CLANG_CXX_LIBRARY = "libc++";
				CLANG_ENABLE_MODULES = YES;
				CLANG_ENABLE_OBJC_ARC = YES;
				CLANG_ENABLE_OBJC_WEAK = YES;
				CLANG_WARN_BLOCK_CAPTURE_AUTORELEASING = YES;
				CLANG_WARN_BOOL_CONVERSION = YES;
				CLANG_WARN_COMMA = YES;
				CLANG_WARN_CONSTANT_CONVERSION = YES;
				CLANG_WARN_DEPRECATED_OBJC_IMPLEMENTATIONS = YES;
				CLANG_WARN_DIRECT_OBJC_ISA_USAGE = YES_ERROR;
				CLANG_WARN_DOCUMENTATION_COMMENTS = YES;
				CLANG_WARN_EMPTY_BODY = YES;
				CLANG_WARN_ENUM_CONVERSION = YES;
				CLANG_WARN_INFINITE_RECURSION = YES;
				CLANG_WARN_INT_CONVERSION = YES;
				CLANG_WARN_NON_LITERAL_NULL_CONVERSION = YES;
				CLANG_WARN_OBJC_IMPLICIT_RETAIN_SELF = YES;
				CLANG_WARN_OBJC_LITERAL_CONVERSION = YES;
				CLANG_WARN_OBJC_ROOT_CLASS = YES_ERROR;
				CLANG_WARN_QUOTED_INCLUDE_IN_FRAMEWORK_HEADER = YES;
				CLANG_WARN_RANGE_LOOP_ANALYSIS = YES;
				CLANG_WARN_STRICT_PROTOTYPES = YES;
				CLANG_WARN_SUSPICIOUS_MOVE = YES;
				CLANG_WARN_UNGUARDED_AVAILABILITY = YES_AGGRESSIVE;
				CLANG_WARN_UNREACHABLE_CODE = YES;
				CLANG_WARN__DUPLICATE_METHOD_MATCH = YES;
				COPY_PHASE_STRIP = NO;
				DEBUG_INFORMATION_FORMAT = "dwarf-with-dsym";
				ENABLE_NS_ASSERTIONS = NO;
				ENABLE_STRICT_OBJC_MSGSEND = YES;
				GCC_C_LANGUAGE_STANDARD = gnu11;
				GCC_NO_COMMON_BLOCKS = YES;
				GCC_WARN_64_TO_32_BIT_CONVERSION = YES;
				GCC_WARN_ABOUT_RETURN_TYPE = YES_ERROR;
				GCC_WARN_UNDECLARED_SELECTOR = YES;
				GCC_WARN_UNINITIALIZED_AUTOS = YES_AGGRESSIVE;
				GCC_WARN_UNUSED_FUNCTION = YES;
				GCC_WARN_UNUSED_VARIABLE = YES;
				IPHONEOS_DEPLOYMENT_TARGET = 15.0;
				MTL_ENABLE_DEBUG_INFO = NO;
				MTL_FAST_MATH = YES;
				SDKROOT = iphoneos;
				SWIFT_COMPILATION_MODE = wholemodule;
				SWIFT_OPTIMIZATION_LEVEL = "-O";
				VALIDATE_PRODUCT = YES;
			};
			name = Release;
		};
		F23FF1C52732D03700434A49 /* Debug */ = {
			isa = XCBuildConfiguration;
			baseConfigurationReference = D64E48F877CEF7F834A9FDA0 /* Pods-ClientApp.debug.xcconfig */;
			buildSettings = {
				ASSETCATALOG_COMPILER_APPICON_NAME = AppIcon;
				ASSETCATALOG_COMPILER_GLOBAL_ACCENT_COLOR_NAME = AccentColor;
				CODE_SIGN_STYLE = Automatic;
				CURRENT_PROJECT_VERSION = 1;
				DEVELOPMENT_TEAM = 5N66TMU453;
				GENERATE_INFOPLIST_FILE = YES;
				INFOPLIST_FILE = ClientApp/Info.plist;
				INFOPLIST_KEY_NSCameraUsageDescription = "QR-Code need camera usage access";
				INFOPLIST_KEY_UIApplicationSupportsIndirectInputEvents = YES;
				INFOPLIST_KEY_UILaunchStoryboardName = LaunchScreen;
				INFOPLIST_KEY_UISupportedInterfaceOrientations_iPad = "UIInterfaceOrientationPortrait UIInterfaceOrientationPortraitUpsideDown UIInterfaceOrientationLandscapeLeft UIInterfaceOrientationLandscapeRight";
				INFOPLIST_KEY_UISupportedInterfaceOrientations_iPhone = "UIInterfaceOrientationPortrait UIInterfaceOrientationLandscapeLeft UIInterfaceOrientationLandscapeRight";
				IPHONEOS_DEPLOYMENT_TARGET = 15.0;
				LD_RUNPATH_SEARCH_PATHS = (
					"$(inherited)",
					"@executable_path/Frameworks",
				);
				MARKETING_VERSION = 1.0;
				PRODUCT_BUNDLE_IDENTIFIER = com.ostep.ClientApp;
				PRODUCT_NAME = "$(TARGET_NAME)";
				SWIFT_EMIT_LOC_STRINGS = YES;
				SWIFT_VERSION = 5.0;
				TARGETED_DEVICE_FAMILY = "1,2";
			};
			name = Debug;
		};
		F23FF1C62732D03700434A49 /* Release */ = {
			isa = XCBuildConfiguration;
			baseConfigurationReference = 2B775B9BB5EDC7DF55E5BC5B /* Pods-ClientApp.release.xcconfig */;
			buildSettings = {
				ASSETCATALOG_COMPILER_APPICON_NAME = AppIcon;
				ASSETCATALOG_COMPILER_GLOBAL_ACCENT_COLOR_NAME = AccentColor;
				CODE_SIGN_STYLE = Automatic;
				CURRENT_PROJECT_VERSION = 1;
				DEVELOPMENT_TEAM = 5N66TMU453;
				GENERATE_INFOPLIST_FILE = YES;
				INFOPLIST_FILE = ClientApp/Info.plist;
				INFOPLIST_KEY_NSCameraUsageDescription = "QR-Code need camera usage access";
				INFOPLIST_KEY_UIApplicationSupportsIndirectInputEvents = YES;
				INFOPLIST_KEY_UILaunchStoryboardName = LaunchScreen;
				INFOPLIST_KEY_UISupportedInterfaceOrientations_iPad = "UIInterfaceOrientationPortrait UIInterfaceOrientationPortraitUpsideDown UIInterfaceOrientationLandscapeLeft UIInterfaceOrientationLandscapeRight";
				INFOPLIST_KEY_UISupportedInterfaceOrientations_iPhone = "UIInterfaceOrientationPortrait UIInterfaceOrientationLandscapeLeft UIInterfaceOrientationLandscapeRight";
				IPHONEOS_DEPLOYMENT_TARGET = 15.0;
				LD_RUNPATH_SEARCH_PATHS = (
					"$(inherited)",
					"@executable_path/Frameworks",
				);
				MARKETING_VERSION = 1.0;
				PRODUCT_BUNDLE_IDENTIFIER = com.ostep.ClientApp;
				PRODUCT_NAME = "$(TARGET_NAME)";
				SWIFT_EMIT_LOC_STRINGS = YES;
				SWIFT_VERSION = 5.0;
				TARGETED_DEVICE_FAMILY = "1,2";
			};
			name = Release;
		};
		F23FF1C82732D03700434A49 /* Debug */ = {
			isa = XCBuildConfiguration;
			buildSettings = {
				ALWAYS_EMBED_SWIFT_STANDARD_LIBRARIES = YES;
				BUNDLE_LOADER = "$(TEST_HOST)";
				CODE_SIGN_STYLE = Automatic;
				CURRENT_PROJECT_VERSION = 1;
				DEVELOPMENT_TEAM = 57ZJPHWU8J;
				GENERATE_INFOPLIST_FILE = YES;
				IPHONEOS_DEPLOYMENT_TARGET = 15.0;
				LD_RUNPATH_SEARCH_PATHS = (
					"$(inherited)",
					"@executable_path/Frameworks",
					"@loader_path/Frameworks",
				);
				MARKETING_VERSION = 1.0;
				PRODUCT_BUNDLE_IDENTIFIER = com.ostep.ClientAppTests;
				PRODUCT_NAME = "$(TARGET_NAME)";
				SWIFT_EMIT_LOC_STRINGS = NO;
				SWIFT_VERSION = 5.0;
				TARGETED_DEVICE_FAMILY = "1,2";
				TEST_HOST = "$(BUILT_PRODUCTS_DIR)/ClientApp.app/ClientApp";
			};
			name = Debug;
		};
		F23FF1C92732D03700434A49 /* Release */ = {
			isa = XCBuildConfiguration;
			buildSettings = {
				ALWAYS_EMBED_SWIFT_STANDARD_LIBRARIES = YES;
				BUNDLE_LOADER = "$(TEST_HOST)";
				CODE_SIGN_STYLE = Automatic;
				CURRENT_PROJECT_VERSION = 1;
				DEVELOPMENT_TEAM = 57ZJPHWU8J;
				GENERATE_INFOPLIST_FILE = YES;
				IPHONEOS_DEPLOYMENT_TARGET = 15.0;
				LD_RUNPATH_SEARCH_PATHS = (
					"$(inherited)",
					"@executable_path/Frameworks",
					"@loader_path/Frameworks",
				);
				MARKETING_VERSION = 1.0;
				PRODUCT_BUNDLE_IDENTIFIER = com.ostep.ClientAppTests;
				PRODUCT_NAME = "$(TARGET_NAME)";
				SWIFT_EMIT_LOC_STRINGS = NO;
				SWIFT_VERSION = 5.0;
				TARGETED_DEVICE_FAMILY = "1,2";
				TEST_HOST = "$(BUILT_PRODUCTS_DIR)/ClientApp.app/ClientApp";
			};
			name = Release;
		};
		F23FF1CB2732D03700434A49 /* Debug */ = {
			isa = XCBuildConfiguration;
			buildSettings = {
				ALWAYS_EMBED_SWIFT_STANDARD_LIBRARIES = YES;
				CODE_SIGN_STYLE = Automatic;
				CURRENT_PROJECT_VERSION = 1;
				DEVELOPMENT_TEAM = 57ZJPHWU8J;
				GENERATE_INFOPLIST_FILE = YES;
				LD_RUNPATH_SEARCH_PATHS = (
					"$(inherited)",
					"@executable_path/Frameworks",
					"@loader_path/Frameworks",
				);
				MARKETING_VERSION = 1.0;
				PRODUCT_BUNDLE_IDENTIFIER = com.ostep.ClientAppUITests;
				PRODUCT_NAME = "$(TARGET_NAME)";
				SWIFT_EMIT_LOC_STRINGS = NO;
				SWIFT_VERSION = 5.0;
				TARGETED_DEVICE_FAMILY = "1,2";
				TEST_TARGET_NAME = ClientApp;
			};
			name = Debug;
		};
		F23FF1CC2732D03700434A49 /* Release */ = {
			isa = XCBuildConfiguration;
			buildSettings = {
				ALWAYS_EMBED_SWIFT_STANDARD_LIBRARIES = YES;
				CODE_SIGN_STYLE = Automatic;
				CURRENT_PROJECT_VERSION = 1;
				DEVELOPMENT_TEAM = 57ZJPHWU8J;
				GENERATE_INFOPLIST_FILE = YES;
				LD_RUNPATH_SEARCH_PATHS = (
					"$(inherited)",
					"@executable_path/Frameworks",
					"@loader_path/Frameworks",
				);
				MARKETING_VERSION = 1.0;
				PRODUCT_BUNDLE_IDENTIFIER = com.ostep.ClientAppUITests;
				PRODUCT_NAME = "$(TARGET_NAME)";
				SWIFT_EMIT_LOC_STRINGS = NO;
				SWIFT_VERSION = 5.0;
				TARGETED_DEVICE_FAMILY = "1,2";
				TEST_TARGET_NAME = ClientApp;
			};
			name = Release;
		};
/* End XCBuildConfiguration section */

/* Begin XCConfigurationList section */
		F23FF1952732D03200434A49 /* Build configuration list for PBXProject "ClientApp" */ = {
			isa = XCConfigurationList;
			buildConfigurations = (
				F23FF1C22732D03700434A49 /* Debug */,
				F23FF1C32732D03700434A49 /* Release */,
			);
			defaultConfigurationIsVisible = 0;
			defaultConfigurationName = Release;
		};
		F23FF1C42732D03700434A49 /* Build configuration list for PBXNativeTarget "ClientApp" */ = {
			isa = XCConfigurationList;
			buildConfigurations = (
				F23FF1C52732D03700434A49 /* Debug */,
				F23FF1C62732D03700434A49 /* Release */,
			);
			defaultConfigurationIsVisible = 0;
			defaultConfigurationName = Release;
		};
		F23FF1C72732D03700434A49 /* Build configuration list for PBXNativeTarget "ClientAppTests" */ = {
			isa = XCConfigurationList;
			buildConfigurations = (
				F23FF1C82732D03700434A49 /* Debug */,
				F23FF1C92732D03700434A49 /* Release */,
			);
			defaultConfigurationIsVisible = 0;
			defaultConfigurationName = Release;
		};
		F23FF1CA2732D03700434A49 /* Build configuration list for PBXNativeTarget "ClientAppUITests" */ = {
			isa = XCConfigurationList;
			buildConfigurations = (
				F23FF1CB2732D03700434A49 /* Debug */,
				F23FF1CC2732D03700434A49 /* Release */,
			);
			defaultConfigurationIsVisible = 0;
			defaultConfigurationName = Release;
		};
/* End XCConfigurationList section */
	};
	rootObject = F23FF1922732D03200434A49 /* Project object */;
}
